// !$*UTF8*$!
{
	archiveVersion = 1;
	classes = {
	};
	objectVersion = 50;
	objects = {

/* Begin PBXBuildFile section */
		3669A440D120E76A99ED74B9 /* Pods_GoogleFirebaseV1.framework in Frameworks */ = {isa = PBXBuildFile; fileRef = 38599D4DF3DC912DFF201339 /* Pods_GoogleFirebaseV1.framework */; };
		A805445621068BD10018E854 /* GoogleService-Info.plist in Resources */ = {isa = PBXBuildFile; fileRef = A805445521068BD10018E854 /* GoogleService-Info.plist */; };
		A82EBB632106683C0001008F /* SignInViewController.swift in Sources */ = {isa = PBXBuildFile; fileRef = A82EBB622106683C0001008F /* SignInViewController.swift */; };
		A82EBB66210668770001008F /* SignUpViewController.swift in Sources */ = {isa = PBXBuildFile; fileRef = A82EBB65210668770001008F /* SignUpViewController.swift */; };
		A8970C3F21062EA000F5112A /* AppDelegate.swift in Sources */ = {isa = PBXBuildFile; fileRef = A8970C3E21062EA000F5112A /* AppDelegate.swift */; };
		A8970C4421062EA000F5112A /* Main.storyboard in Resources */ = {isa = PBXBuildFile; fileRef = A8970C4221062EA000F5112A /* Main.storyboard */; };
		A8970C4621062EA100F5112A /* Assets.xcassets in Resources */ = {isa = PBXBuildFile; fileRef = A8970C4521062EA100F5112A /* Assets.xcassets */; };
		A8970C4921062EA100F5112A /* LaunchScreen.storyboard in Resources */ = {isa = PBXBuildFile; fileRef = A8970C4721062EA100F5112A /* LaunchScreen.storyboard */; };
		A8CDF26F2108BDF70058110E /* MainPageViewController.swift in Sources */ = {isa = PBXBuildFile; fileRef = A8CDF26E2108BDF70058110E /* MainPageViewController.swift */; };
		A8E68C6321076D5B00A1608D /* InspirationExampleViewController.swift in Sources */ = {isa = PBXBuildFile; fileRef = A8E68C6221076D5B00A1608D /* InspirationExampleViewController.swift */; };
/* End PBXBuildFile section */

/* Begin PBXFileReference section */
		38599D4DF3DC912DFF201339 /* Pods_GoogleFirebaseV1.framework */ = {isa = PBXFileReference; explicitFileType = wrapper.framework; includeInIndex = 0; path = Pods_GoogleFirebaseV1.framework; sourceTree = BUILT_PRODUCTS_DIR; };
		90EF787B9FAEC3D79ADDB035 /* Pods-GoogleFirebaseV1.debug.xcconfig */ = {isa = PBXFileReference; includeInIndex = 1; lastKnownFileType = text.xcconfig; name = "Pods-GoogleFirebaseV1.debug.xcconfig"; path = "Pods/Target Support Files/Pods-GoogleFirebaseV1/Pods-GoogleFirebaseV1.debug.xcconfig"; sourceTree = "<group>"; };
		A805445521068BD10018E854 /* GoogleService-Info.plist */ = {isa = PBXFileReference; fileEncoding = 4; lastKnownFileType = text.plist.xml; path = "GoogleService-Info.plist"; sourceTree = "<group>"; };
		A82EBB622106683C0001008F /* SignInViewController.swift */ = {isa = PBXFileReference; lastKnownFileType = sourcecode.swift; path = SignInViewController.swift; sourceTree = "<group>"; };
		A82EBB65210668770001008F /* SignUpViewController.swift */ = {isa = PBXFileReference; lastKnownFileType = sourcecode.swift; path = SignUpViewController.swift; sourceTree = "<group>"; };
		A8970C3B21062EA000F5112A /* GoogleFirebaseV1.app */ = {isa = PBXFileReference; explicitFileType = wrapper.application; includeInIndex = 0; path = GoogleFirebaseV1.app; sourceTree = BUILT_PRODUCTS_DIR; };
		A8970C3E21062EA000F5112A /* AppDelegate.swift */ = {isa = PBXFileReference; lastKnownFileType = sourcecode.swift; path = AppDelegate.swift; sourceTree = "<group>"; };
		A8970C4321062EA000F5112A /* Base */ = {isa = PBXFileReference; lastKnownFileType = file.storyboard; name = Base; path = Base.lproj/Main.storyboard; sourceTree = "<group>"; };
		A8970C4521062EA100F5112A /* Assets.xcassets */ = {isa = PBXFileReference; lastKnownFileType = folder.assetcatalog; path = Assets.xcassets; sourceTree = "<group>"; };
		A8970C4821062EA100F5112A /* Base */ = {isa = PBXFileReference; lastKnownFileType = file.storyboard; name = Base; path = Base.lproj/LaunchScreen.storyboard; sourceTree = "<group>"; };
		A8970C4A21062EA100F5112A /* Info.plist */ = {isa = PBXFileReference; lastKnownFileType = text.plist.xml; path = Info.plist; sourceTree = "<group>"; };
		A8CDF26E2108BDF70058110E /* MainPageViewController.swift */ = {isa = PBXFileReference; lastKnownFileType = sourcecode.swift; path = MainPageViewController.swift; sourceTree = "<group>"; };
		A8E68C6221076D5B00A1608D /* InspirationExampleViewController.swift */ = {isa = PBXFileReference; lastKnownFileType = sourcecode.swift; path = InspirationExampleViewController.swift; sourceTree = "<group>"; };
		B55D8F65607E859B28859FBC /* Pods-GoogleFirebaseV1.release.xcconfig */ = {isa = PBXFileReference; includeInIndex = 1; lastKnownFileType = text.xcconfig; name = "Pods-GoogleFirebaseV1.release.xcconfig"; path = "Pods/Target Support Files/Pods-GoogleFirebaseV1/Pods-GoogleFirebaseV1.release.xcconfig"; sourceTree = "<group>"; };
/* End PBXFileReference section */

/* Begin PBXFrameworksBuildPhase section */
		A8970C3821062EA000F5112A /* Frameworks */ = {
			isa = PBXFrameworksBuildPhase;
			buildActionMask = 2147483647;
			files = (
				3669A440D120E76A99ED74B9 /* Pods_GoogleFirebaseV1.framework in Frameworks */,
			);
			runOnlyForDeploymentPostprocessing = 0;
		};
/* End PBXFrameworksBuildPhase section */

/* Begin PBXGroup section */
		2D94F3A9ADACB8783679C3B5 /* Pods */ = {
			isa = PBXGroup;
			children = (
				90EF787B9FAEC3D79ADDB035 /* Pods-GoogleFirebaseV1.debug.xcconfig */,
				B55D8F65607E859B28859FBC /* Pods-GoogleFirebaseV1.release.xcconfig */,
			);
			name = Pods;
			sourceTree = "<group>";
		};
		A8970C3221062EA000F5112A = {
			isa = PBXGroup;
			children = (
				A8970C3D21062EA000F5112A /* GoogleFirebaseV1 */,
				A8970C3C21062EA000F5112A /* Products */,
				2D94F3A9ADACB8783679C3B5 /* Pods */,
				E640AFD0DBFB434E2408CF69 /* Frameworks */,
			);
			sourceTree = "<group>";
		};
		A8970C3C21062EA000F5112A /* Products */ = {
			isa = PBXGroup;
			children = (
				A8970C3B21062EA000F5112A /* GoogleFirebaseV1.app */,
			);
			name = Products;
			sourceTree = "<group>";
		};
		A8970C3D21062EA000F5112A /* GoogleFirebaseV1 */ = {
			isa = PBXGroup;
			children = (
				A8970C3E21062EA000F5112A /* AppDelegate.swift */,
				A8970C4221062EA000F5112A /* Main.storyboard */,
				A82EBB622106683C0001008F /* SignInViewController.swift */,
				A82EBB65210668770001008F /* SignUpViewController.swift */,
				A8E68C6221076D5B00A1608D /* InspirationExampleViewController.swift */,
				A8970C4521062EA100F5112A /* Assets.xcassets */,
				A8970C4721062EA100F5112A /* LaunchScreen.storyboard */,
				A8970C4A21062EA100F5112A /* Info.plist */,
				A805445521068BD10018E854 /* GoogleService-Info.plist */,
				A8CDF26E2108BDF70058110E /* MainPageViewController.swift */,
			);
			path = GoogleFirebaseV1;
			sourceTree = "<group>";
		};
		E640AFD0DBFB434E2408CF69 /* Frameworks */ = {
			isa = PBXGroup;
			children = (
				38599D4DF3DC912DFF201339 /* Pods_GoogleFirebaseV1.framework */,
			);
			name = Frameworks;
			sourceTree = "<group>";
		};
/* End PBXGroup section */

/* Begin PBXNativeTarget section */
		A8970C3A21062EA000F5112A /* GoogleFirebaseV1 */ = {
			isa = PBXNativeTarget;
			buildConfigurationList = A8970C4D21062EA100F5112A /* Build configuration list for PBXNativeTarget "GoogleFirebaseV1" */;
			buildPhases = (
				BA5DA2DA0A4965939C7352F9 /* [CP] Check Pods Manifest.lock */,
				A8970C3721062EA000F5112A /* Sources */,
				A8970C3821062EA000F5112A /* Frameworks */,
				A8970C3921062EA000F5112A /* Resources */,
				95666107F1431D6F5118AB33 /* [CP] Embed Pods Frameworks */,
			);
			buildRules = (
			);
			dependencies = (
			);
			name = GoogleFirebaseV1;
			productName = GoogleFirebaseV1;
			productReference = A8970C3B21062EA000F5112A /* GoogleFirebaseV1.app */;
			productType = "com.apple.product-type.application";
		};
/* End PBXNativeTarget section */

/* Begin PBXProject section */
		A8970C3321062EA000F5112A /* Project object */ = {
			isa = PBXProject;
			attributes = {
				LastSwiftUpdateCheck = 0940;
				LastUpgradeCheck = 0940;
				ORGANIZATIONNAME = "Burak Akin";
				TargetAttributes = {
					A8970C3A21062EA000F5112A = {
						CreatedOnToolsVersion = 9.4.1;
					};
				};
			};
			buildConfigurationList = A8970C3621062EA000F5112A /* Build configuration list for PBXProject "GoogleFirebaseV1" */;
			compatibilityVersion = "Xcode 9.3";
			developmentRegion = en;
			hasScannedForEncodings = 0;
			knownRegions = (
				en,
				Base,
			);
			mainGroup = A8970C3221062EA000F5112A;
			productRefGroup = A8970C3C21062EA000F5112A /* Products */;
			projectDirPath = "";
			projectRoot = "";
			targets = (
				A8970C3A21062EA000F5112A /* GoogleFirebaseV1 */,
			);
		};
/* End PBXProject section */

/* Begin PBXResourcesBuildPhase section */
		A8970C3921062EA000F5112A /* Resources */ = {
			isa = PBXResourcesBuildPhase;
			buildActionMask = 2147483647;
			files = (
				A8970C4921062EA100F5112A /* LaunchScreen.storyboard in Resources */,
				A805445621068BD10018E854 /* GoogleService-Info.plist in Resources */,
				A8970C4621062EA100F5112A /* Assets.xcassets in Resources */,
				A8970C4421062EA000F5112A /* Main.storyboard in Resources */,
			);
			runOnlyForDeploymentPostprocessing = 0;
		};
/* End PBXResourcesBuildPhase section */

/* Begin PBXShellScriptBuildPhase section */
		95666107F1431D6F5118AB33 /* [CP] Embed Pods Frameworks */ = {
			isa = PBXShellScriptBuildPhase;
			buildActionMask = 2147483647;
			files = (
			);
			inputPaths = (
				"${SRCROOT}/Pods/Target Support Files/Pods-GoogleFirebaseV1/Pods-GoogleFirebaseV1-frameworks.sh",
				"${BUILT_PRODUCTS_DIR}/BoringSSL/openssl.framework",
				"${BUILT_PRODUCTS_DIR}/GTMSessionFetcher/GTMSessionFetcher.framework",
				"${BUILT_PRODUCTS_DIR}/GoogleToolboxForMac/GoogleToolboxForMac.framework",
				"${BUILT_PRODUCTS_DIR}/Protobuf/Protobuf.framework",
				"${BUILT_PRODUCTS_DIR}/gRPC/GRPCClient.framework",
				"${BUILT_PRODUCTS_DIR}/gRPC-Core/grpc.framework",
				"${BUILT_PRODUCTS_DIR}/gRPC-ProtoRPC/ProtoRPC.framework",
				"${BUILT_PRODUCTS_DIR}/gRPC-RxLibrary/RxLibrary.framework",
				"${BUILT_PRODUCTS_DIR}/leveldb-library/leveldb.framework",
				"${BUILT_PRODUCTS_DIR}/nanopb/nanopb.framework",
			);
			name = "[CP] Embed Pods Frameworks";
			outputPaths = (
				"${TARGET_BUILD_DIR}/${FRAMEWORKS_FOLDER_PATH}/openssl.framework",
				"${TARGET_BUILD_DIR}/${FRAMEWORKS_FOLDER_PATH}/GTMSessionFetcher.framework",
				"${TARGET_BUILD_DIR}/${FRAMEWORKS_FOLDER_PATH}/GoogleToolboxForMac.framework",
				"${TARGET_BUILD_DIR}/${FRAMEWORKS_FOLDER_PATH}/Protobuf.framework",
				"${TARGET_BUILD_DIR}/${FRAMEWORKS_FOLDER_PATH}/GRPCClient.framework",
				"${TARGET_BUILD_DIR}/${FRAMEWORKS_FOLDER_PATH}/grpc.framework",
				"${TARGET_BUILD_DIR}/${FRAMEWORKS_FOLDER_PATH}/ProtoRPC.framework",
				"${TARGET_BUILD_DIR}/${FRAMEWORKS_FOLDER_PATH}/RxLibrary.framework",
				"${TARGET_BUILD_DIR}/${FRAMEWORKS_FOLDER_PATH}/leveldb.framework",
				"${TARGET_BUILD_DIR}/${FRAMEWORKS_FOLDER_PATH}/nanopb.framework",
			);
			runOnlyForDeploymentPostprocessing = 0;
			shellPath = /bin/sh;
			shellScript = "\"${SRCROOT}/Pods/Target Support Files/Pods-GoogleFirebaseV1/Pods-GoogleFirebaseV1-frameworks.sh\"\n";
			showEnvVarsInLog = 0;
		};
		BA5DA2DA0A4965939C7352F9 /* [CP] Check Pods Manifest.lock */ = {
			isa = PBXShellScriptBuildPhase;
			buildActionMask = 2147483647;
			files = (
			);
			inputPaths = (
				"${PODS_PODFILE_DIR_PATH}/Podfile.lock",
				"${PODS_ROOT}/Manifest.lock",
			);
			name = "[CP] Check Pods Manifest.lock";
			outputPaths = (
				"$(DERIVED_FILE_DIR)/Pods-GoogleFirebaseV1-checkManifestLockResult.txt",
			);
			runOnlyForDeploymentPostprocessing = 0;
			shellPath = /bin/sh;
			shellScript = "diff \"${PODS_PODFILE_DIR_PATH}/Podfile.lock\" \"${PODS_ROOT}/Manifest.lock\" > /dev/null\nif [ $? != 0 ] ; then\n    # print error to STDERR\n    echo \"error: The sandbox is not in sync with the Podfile.lock. Run 'pod install' or update your CocoaPods installation.\" >&2\n    exit 1\nfi\n# This output is used by Xcode 'outputs' to avoid re-running this script phase.\necho \"SUCCESS\" > \"${SCRIPT_OUTPUT_FILE_0}\"\n";
			showEnvVarsInLog = 0;
		};
/* End PBXShellScriptBuildPhase section */

/* Begin PBXSourcesBuildPhase section */
		A8970C3721062EA000F5112A /* Sources */ = {
			isa = PBXSourcesBuildPhase;
			buildActionMask = 2147483647;
			files = (
				A8CDF26F2108BDF70058110E /* MainPageViewController.swift in Sources */,
				A8E68C6321076D5B00A1608D /* InspirationExampleViewController.swift in Sources */,
				A8970C3F21062EA000F5112A /* AppDelegate.swift in Sources */,
				A82EBB66210668770001008F /* SignUpViewController.swift in Sources */,
				A82EBB632106683C0001008F /* SignInViewController.swift in Sources */,
			);
			runOnlyForDeploymentPostprocessing = 0;
		};
/* End PBXSourcesBuildPhase section */

/* Begin PBXVariantGroup section */
		A8970C4221062EA000F5112A /* Main.storyboard */ = {
			isa = PBXVariantGroup;
			children = (
				A8970C4321062EA000F5112A /* Base */,
			);
			name = Main.storyboard;
			sourceTree = "<group>";
		};
		A8970C4721062EA100F5112A /* LaunchScreen.storyboard */ = {
			isa = PBXVariantGroup;
			children = (
				A8970C4821062EA100F5112A /* Base */,
			);
			name = LaunchScreen.storyboard;
			sourceTree = "<group>";
		};
/* End PBXVariantGroup section */

/* Begin XCBuildConfiguration section */
		A8970C4B21062EA100F5112A /* Debug */ = {
			isa = XCBuildConfiguration;
			buildSettings = {
				ALWAYS_SEARCH_USER_PATHS = NO;
				CLANG_ANALYZER_NONNULL = YES;
				CLANG_ANALYZER_NUMBER_OBJECT_CONVERSION = YES_AGGRESSIVE;
				CLANG_CXX_LANGUAGE_STANDARD = "gnu++14";
				CLANG_CXX_LIBRARY = "libc++";
				CLANG_ENABLE_MODULES = YES;
				CLANG_ENABLE_OBJC_ARC = YES;
				CLANG_ENABLE_OBJC_WEAK = YES;
				CLANG_WARN_BLOCK_CAPTURE_AUTORELEASING = YES;
				CLANG_WARN_BOOL_CONVERSION = YES;
				CLANG_WARN_COMMA = YES;
				CLANG_WARN_CONSTANT_CONVERSION = YES;
				CLANG_WARN_DEPRECATED_OBJC_IMPLEMENTATIONS = YES;
				CLANG_WARN_DIRECT_OBJC_ISA_USAGE = YES_ERROR;
				CLANG_WARN_DOCUMENTATION_COMMENTS = YES;
				CLANG_WARN_EMPTY_BODY = YES;
				CLANG_WARN_ENUM_CONVERSION = YES;
				CLANG_WARN_INFINITE_RECURSION = YES;
				CLANG_WARN_INT_CONVERSION = YES;
				CLANG_WARN_NON_LITERAL_NULL_CONVERSION = YES;
				CLANG_WARN_OBJC_IMPLICIT_RETAIN_SELF = YES;
				CLANG_WARN_OBJC_LITERAL_CONVERSION = YES;
				CLANG_WARN_OBJC_ROOT_CLASS = YES_ERROR;
				CLANG_WARN_RANGE_LOOP_ANALYSIS = YES;
				CLANG_WARN_STRICT_PROTOTYPES = YES;
				CLANG_WARN_SUSPICIOUS_MOVE = YES;
				CLANG_WARN_UNGUARDED_AVAILABILITY = YES_AGGRESSIVE;
				CLANG_WARN_UNREACHABLE_CODE = YES;
				CLANG_WARN__DUPLICATE_METHOD_MATCH = YES;
				CODE_SIGN_IDENTITY = "iPhone Developer";
				COPY_PHASE_STRIP = NO;
				DEBUG_INFORMATION_FORMAT = dwarf;
				ENABLE_STRICT_OBJC_MSGSEND = YES;
				ENABLE_TESTABILITY = YES;
				GCC_C_LANGUAGE_STANDARD = gnu11;
				GCC_DYNAMIC_NO_PIC = NO;
				GCC_NO_COMMON_BLOCKS = YES;
				GCC_OPTIMIZATION_LEVEL = 0;
				GCC_PREPROCESSOR_DEFINITIONS = (
					"DEBUG=1",
					"$(inherited)",
				);
				GCC_WARN_64_TO_32_BIT_CONVERSION = YES;
				GCC_WARN_ABOUT_RETURN_TYPE = YES_ERROR;
				GCC_WARN_UNDECLARED_SELECTOR = YES;
				GCC_WARN_UNINITIALIZED_AUTOS = YES_AGGRESSIVE;
				GCC_WARN_UNUSED_FUNCTION = YES;
				GCC_WARN_UNUSED_VARIABLE = YES;
				IPHONEOS_DEPLOYMENT_TARGET = 11.4;
				MTL_ENABLE_DEBUG_INFO = YES;
				ONLY_ACTIVE_ARCH = YES;
				SDKROOT = iphoneos;
				SWIFT_ACTIVE_COMPILATION_CONDITIONS = DEBUG;
				SWIFT_OPTIMIZATION_LEVEL = "-Onone";
			};
			name = Debug;
		};
		A8970C4C21062EA100F5112A /* Release */ = {
			isa = XCBuildConfiguration;
			buildSettings = {
				ALWAYS_SEARCH_USER_PATHS = NO;
				CLANG_ANALYZER_NONNULL = YES;
				CLANG_ANALYZER_NUMBER_OBJECT_CONVERSION = YES_AGGRESSIVE;
				CLANG_CXX_LANGUAGE_STANDARD = "gnu++14";
				CLANG_CXX_LIBRARY = "libc++";
				CLANG_ENABLE_MODULES = YES;
				CLANG_ENABLE_OBJC_ARC = YES;
				CLANG_ENABLE_OBJC_WEAK = YES;
				CLANG_WARN_BLOCK_CAPTURE_AUTORELEASING = YES;
				CLANG_WARN_BOOL_CONVERSION = YES;
				CLANG_WARN_COMMA = YES;
				CLANG_WARN_CONSTANT_CONVERSION = YES;
				CLANG_WARN_DEPRECATED_OBJC_IMPLEMENTATIONS = YES;
				CLANG_WARN_DIRECT_OBJC_ISA_USAGE = YES_ERROR;
				CLANG_WARN_DOCUMENTATION_COMMENTS = YES;
				CLANG_WARN_EMPTY_BODY = YES;
				CLANG_WARN_ENUM_CONVERSION = YES;
				CLANG_WARN_INFINITE_RECURSION = YES;
				CLANG_WARN_INT_CONVERSION = YES;
				CLANG_WARN_NON_LITERAL_NULL_CONVERSION = YES;
				CLANG_WARN_OBJC_IMPLICIT_RETAIN_SELF = YES;
				CLANG_WARN_OBJC_LITERAL_CONVERSION = YES;
				CLANG_WARN_OBJC_ROOT_CLASS = YES_ERROR;
				CLANG_WARN_RANGE_LOOP_ANALYSIS = YES;
				CLANG_WARN_STRICT_PROTOTYPES = YES;
				CLANG_WARN_SUSPICIOUS_MOVE = YES;
				CLANG_WARN_UNGUARDED_AVAILABILITY = YES_AGGRESSIVE;
				CLANG_WARN_UNREACHABLE_CODE = YES;
				CLANG_WARN__DUPLICATE_METHOD_MATCH = YES;
				CODE_SIGN_IDENTITY = "iPhone Developer";
				COPY_PHASE_STRIP = NO;
				DEBUG_INFORMATION_FORMAT = "dwarf-with-dsym";
				ENABLE_NS_ASSERTIONS = NO;
				ENABLE_STRICT_OBJC_MSGSEND = YES;
				GCC_C_LANGUAGE_STANDARD = gnu11;
				GCC_NO_COMMON_BLOCKS = YES;
				GCC_WARN_64_TO_32_BIT_CONVERSION = YES;
				GCC_WARN_ABOUT_RETURN_TYPE = YES_ERROR;
				GCC_WARN_UNDECLARED_SELECTOR = YES;
				GCC_WARN_UNINITIALIZED_AUTOS = YES_AGGRESSIVE;
				GCC_WARN_UNUSED_FUNCTION = YES;
				GCC_WARN_UNUSED_VARIABLE = YES;
				IPHONEOS_DEPLOYMENT_TARGET = 11.4;
				MTL_ENABLE_DEBUG_INFO = NO;
				SDKROOT = iphoneos;
				SWIFT_COMPILATION_MODE = wholemodule;
				SWIFT_OPTIMIZATION_LEVEL = "-O";
				VALIDATE_PRODUCT = YES;
			};
			name = Release;
		};
		A8970C4E21062EA100F5112A /* Debug */ = {
			isa = XCBuildConfiguration;
			baseConfigurationReference = 90EF787B9FAEC3D79ADDB035 /* Pods-GoogleFirebaseV1.debug.xcconfig */;
			buildSettings = {
				ASSETCATALOG_COMPILER_APPICON_NAME = AppIcon;
				CODE_SIGN_STYLE = Automatic;
				INFOPLIST_FILE = GoogleFirebaseV1/Info.plist;
				IPHONEOS_DEPLOYMENT_TARGET = 11.4;
				LD_RUNPATH_SEARCH_PATHS = (
					"$(inherited)",
					"@executable_path/Frameworks",
				);
				PRODUCT_BUNDLE_IDENTIFIER = com.example.GoogleFirebaseV1;
				PRODUCT_NAME = "$(TARGET_NAME)";
				SWIFT_VERSION = 4.0;
				TARGETED_DEVICE_FAMILY = "1,2";
			};
			name = Debug;
		};
		A8970C4F21062EA100F5112A /* Release */ = {
			isa = XCBuildConfiguration;
			baseConfigurationReference = B55D8F65607E859B28859FBC /* Pods-GoogleFirebaseV1.release.xcconfig */;
			buildSettings = {
				ASSETCATALOG_COMPILER_APPICON_NAME = AppIcon;
				CODE_SIGN_STYLE = Automatic;
				INFOPLIST_FILE = GoogleFirebaseV1/Info.plist;
				IPHONEOS_DEPLOYMENT_TARGET = 11.4;
				LD_RUNPATH_SEARCH_PATHS = (
					"$(inherited)",
					"@executable_path/Frameworks",
				);
				PRODUCT_BUNDLE_IDENTIFIER = com.example.GoogleFirebaseV1;
				PRODUCT_NAME = "$(TARGET_NAME)";
				SWIFT_VERSION = 4.0;
				TARGETED_DEVICE_FAMILY = "1,2";
			};
			name = Release;
		};
/* End XCBuildConfiguration section */

/* Begin XCConfigurationList section */
		A8970C3621062EA000F5112A /* Build configuration list for PBXProject "GoogleFirebaseV1" */ = {
			isa = XCConfigurationList;
			buildConfigurations = (
				A8970C4B21062EA100F5112A /* Debug */,
				A8970C4C21062EA100F5112A /* Release */,
			);
			defaultConfigurationIsVisible = 0;
			defaultConfigurationName = Release;
		};
		A8970C4D21062EA100F5112A /* Build configuration list for PBXNativeTarget "GoogleFirebaseV1" */ = {
			isa = XCConfigurationList;
			buildConfigurations = (
				A8970C4E21062EA100F5112A /* Debug */,
				A8970C4F21062EA100F5112A /* Release */,
			);
			defaultConfigurationIsVisible = 0;
			defaultConfigurationName = Release;
		};
/* End XCConfigurationList section */
	};
	rootObject = A8970C3321062EA000F5112A /* Project object */;
}
